// !$*UTF8*$!
{
	archiveVersion = 1;
	classes = {
	};
	objectVersion = 56;
	objects = {

/* Begin PBXBuildFile section */
		AD41C89C2D9EE67900265643 /* footballApp.swift in Sources */ = {isa = PBXBuildFile; fileRef = AD41C89B2D9EE67900265643 /* footballApp.swift */; };
		AD41C8A02D9EE67A00265643 /* Assets.xcassets in Resources */ = {isa = PBXBuildFile; fileRef = AD41C89F2D9EE67A00265643 /* Assets.xcassets */; };
		AD41C8A32D9EE67A00265643 /* Preview Assets.xcassets in Resources */ = {isa = PBXBuildFile; fileRef = AD41C8A22D9EE67A00265643 /* Preview Assets.xcassets */; };
		AD41C8AB2D9EE97700265643 /* FeedKit in Frameworks */ = {isa = PBXBuildFile; productRef = AD41C8AA2D9EE97700265643 /* FeedKit */; };
		AD41C8B02D9EE9A200265643 /* NewsArticleRow.swift in Sources */ = {isa = PBXBuildFile; fileRef = AD41C8AC2D9EE9A200265643 /* NewsArticleRow.swift */; };
		AD41C8B12D9EE9A200265643 /* ContentView.swift in Sources */ = {isa = PBXBuildFile; fileRef = AD41C8AD2D9EE9A200265643 /* ContentView.swift */; };
		AD41C8B22D9EE9A200265643 /* NewsArticle.swift in Sources */ = {isa = PBXBuildFile; fileRef = AD41C8AE2D9EE9A200265643 /* NewsArticle.swift */; };
		AD41C8B32D9EE9A200265643 /* NewsFeedParser.swift in Sources */ = {isa = PBXBuildFile; fileRef = AD41C8AF2D9EE9A200265643 /* NewsFeedParser.swift */; };
		AD41C8B52D9EEA7600265643 /* SearchBar.swift in Sources */ = {isa = PBXBuildFile; fileRef = AD41C8B42D9EEA7600265643 /* SearchBar.swift */; };
		AD41C8B72D9EEE8F00265643 /* NewsArticleDetailView.swift in Sources */ = {isa = PBXBuildFile; fileRef = AD41C8B62D9EEE8F00265643 /* NewsArticleDetailView.swift */; };
/* End PBXBuildFile section */

/* Begin PBXFileReference section */
		AD41C8982D9EE67900265643 /* football.app */ = {isa = PBXFileReference; explicitFileType = wrapper.application; includeInIndex = 0; path = football.app; sourceTree = BUILT_PRODUCTS_DIR; };
		AD41C89B2D9EE67900265643 /* footballApp.swift */ = {isa = PBXFileReference; lastKnownFileType = sourcecode.swift; path = footballApp.swift; sourceTree = "<group>"; };
		AD41C89F2D9EE67A00265643 /* Assets.xcassets */ = {isa = PBXFileReference; lastKnownFileType = folder.assetcatalog; path = Assets.xcassets; sourceTree = "<group>"; };
		AD41C8A22D9EE67A00265643 /* Preview Assets.xcassets */ = {isa = PBXFileReference; lastKnownFileType = folder.assetcatalog; path = "Preview Assets.xcassets"; sourceTree = "<group>"; };
		AD41C8AC2D9EE9A200265643 /* NewsArticleRow.swift */ = {isa = PBXFileReference; fileEncoding = 4; lastKnownFileType = sourcecode.swift; path = NewsArticleRow.swift; sourceTree = "<group>"; };
		AD41C8AD2D9EE9A200265643 /* ContentView.swift */ = {isa = PBXFileReference; fileEncoding = 4; lastKnownFileType = sourcecode.swift; name = ContentView.swift; path = ../../../../Downloads/files/ContentView.swift; sourceTree = "<group>"; };
		AD41C8AE2D9EE9A200265643 /* NewsArticle.swift */ = {isa = PBXFileReference; fileEncoding = 4; lastKnownFileType = sourcecode.swift; path = NewsArticle.swift; sourceTree = "<group>"; };
		AD41C8AF2D9EE9A200265643 /* NewsFeedParser.swift */ = {isa = PBXFileReference; fileEncoding = 4; lastKnownFileType = sourcecode.swift; path = NewsFeedParser.swift; sourceTree = "<group>"; };
		AD41C8B42D9EEA7600265643 /* SearchBar.swift */ = {isa = PBXFileReference; lastKnownFileType = sourcecode.swift; path = SearchBar.swift; sourceTree = "<group>"; };
		AD41C8B62D9EEE8F00265643 /* NewsArticleDetailView.swift */ = {isa = PBXFileReference; fileEncoding = 4; lastKnownFileType = sourcecode.swift; path = NewsArticleDetailView.swift; sourceTree = "<group>"; };
/* End PBXFileReference section */

/* Begin PBXFrameworksBuildPhase section */
		AD41C8952D9EE67900265643 /* Frameworks */ = {
			isa = PBXFrameworksBuildPhase;
			buildActionMask = 2147483647;
			files = (
				AD41C8AB2D9EE97700265643 /* FeedKit in Frameworks */,
			);
			runOnlyForDeploymentPostprocessing = 0;
		};
/* End PBXFrameworksBuildPhase section */

/* Begin PBXGroup section */
		AD41C88F2D9EE67900265643 = {
			isa = PBXGroup;
			children = (
				AD41C89A2D9EE67900265643 /* football */,
				AD41C8992D9EE67900265643 /* Products */,
			);
			sourceTree = "<group>";
		};
		AD41C8992D9EE67900265643 /* Products */ = {
			isa = PBXGroup;
			children = (
				AD41C8982D9EE67900265643 /* football.app */,
			);
			name = Products;
			sourceTree = "<group>";
		};
		AD41C89A2D9EE67900265643 /* football */ = {
			isa = PBXGroup;
			children = (
				AD41C8AD2D9EE9A200265643 /* ContentView.swift */,
				AD41C8AE2D9EE9A200265643 /* NewsArticle.swift */,
				AD41C8AC2D9EE9A200265643 /* NewsArticleRow.swift */,
				AD41C8B62D9EEE8F00265643 /* NewsArticleDetailView.swift */,
				AD41C8AF2D9EE9A200265643 /* NewsFeedParser.swift */,
				AD41C89B2D9EE67900265643 /* footballApp.swift */,
				AD41C8B42D9EEA7600265643 /* SearchBar.swift */,
				AD41C89F2D9EE67A00265643 /* Assets.xcassets */,
				AD41C8A12D9EE67A00265643 /* Preview Content */,
			);
			path = football;
			sourceTree = "<group>";
		};
		AD41C8A12D9EE67A00265643 /* Preview Content */ = {
			isa = PBXGroup;
			children = (
				AD41C8A22D9EE67A00265643 /* Preview Assets.xcassets */,
			);
			path = "Preview Content";
			sourceTree = "<group>";
		};
/* End PBXGroup section */

/* Begin PBXNativeTarget section */
		AD41C8972D9EE67900265643 /* football */ = {
			isa = PBXNativeTarget;
			buildConfigurationList = AD41C8A62D9EE67A00265643 /* Build configuration list for PBXNativeTarget "football" */;
			buildPhases = (
				AD41C8942D9EE67900265643 /* Sources */,
				AD41C8952D9EE67900265643 /* Frameworks */,
				AD41C8962D9EE67900265643 /* Resources */,
			);
			buildRules = (
			);
			dependencies = (
			);
			name = football;
			packageProductDependencies = (
				AD41C8AA2D9EE97700265643 /* FeedKit */,
			);
			productName = football;
			productReference = AD41C8982D9EE67900265643 /* football.app */;
			productType = "com.apple.product-type.application";
		};
/* End PBXNativeTarget section */

/* Begin PBXProject section */
		AD41C8902D9EE67900265643 /* Project object */ = {
			isa = PBXProject;
			attributes = {
				BuildIndependentTargetsInParallel = 1;
				LastSwiftUpdateCheck = 1510;
				LastUpgradeCheck = 1510;
				TargetAttributes = {
					AD41C8972D9EE67900265643 = {
						CreatedOnToolsVersion = 15.1;
					};
				};
			};
			buildConfigurationList = AD41C8932D9EE67900265643 /* Build configuration list for PBXProject "football" */;
			compatibilityVersion = "Xcode 14.0";
			developmentRegion = en;
			hasScannedForEncodings = 0;
			knownRegions = (
				en,
				Base,
			);
			mainGroup = AD41C88F2D9EE67900265643;
			packageReferences = (
				AD41C8A92D9EE97700265643 /* XCRemoteSwiftPackageReference "FeedKit" */,
			);
			productRefGroup = AD41C8992D9EE67900265643 /* Products */;
			projectDirPath = "";
			projectRoot = "";
			targets = (
				AD41C8972D9EE67900265643 /* football */,
			);
		};
/* End PBXProject section */

/* Begin PBXResourcesBuildPhase section */
		AD41C8962D9EE67900265643 /* Resources */ = {
			isa = PBXResourcesBuildPhase;
			buildActionMask = 2147483647;
			files = (
				AD41C8A32D9EE67A00265643 /* Preview Assets.xcassets in Resources */,
				AD41C8A02D9EE67A00265643 /* Assets.xcassets in Resources */,
			);
			runOnlyForDeploymentPostprocessing = 0;
		};
/* End PBXResourcesBuildPhase section */

/* Begin PBXSourcesBuildPhase section */
		AD41C8942D9EE67900265643 /* Sources */ = {
			isa = PBXSourcesBuildPhase;
			buildActionMask = 2147483647;
			files = (
				AD41C8B72D9EEE8F00265643 /* NewsArticleDetailView.swift in Sources */,
				AD41C89C2D9EE67900265643 /* footballApp.swift in Sources */,
				AD41C8B12D9EE9A200265643 /* ContentView.swift in Sources */,
				AD41C8B32D9EE9A200265643 /* NewsFeedParser.swift in Sources */,
				AD41C8B22D9EE9A200265643 /* NewsArticle.swift in Sources */,
				AD41C8B02D9EE9A200265643 /* NewsArticleRow.swift in Sources */,
				AD41C8B52D9EEA7600265643 /* SearchBar.swift in Sources */,
			);
			runOnlyForDeploymentPostprocessing = 0;
		};
/* End PBXSourcesBuildPhase section */

/* Begin XCBuildConfiguration section */
		AD41C8A42D9EE67A00265643 /* Debug */ = {
			isa = XCBuildConfiguration;
			buildSettings = {
				ALWAYS_SEARCH_USER_PATHS = NO;
				ASSETCATALOG_COMPILER_GENERATE_SWIFT_ASSET_SYMBOL_EXTENSIONS = YES;
				CLANG_ANALYZER_NONNULL = YES;
				CLANG_ANALYZER_NUMBER_OBJECT_CONVERSION = YES_AGGRESSIVE;
				CLANG_CXX_LANGUAGE_STANDARD = "gnu++20";
				CLANG_ENABLE_MODULES = YES;
				CLANG_ENABLE_OBJC_ARC = YES;
				CLANG_ENABLE_OBJC_WEAK = YES;
				CLANG_WARN_BLOCK_CAPTURE_AUTORELEASING = YES;
				CLANG_WARN_BOOL_CONVERSION = YES;
				CLANG_WARN_COMMA = YES;
				CLANG_WARN_CONSTANT_CONVERSION = YES;
				CLANG_WARN_DEPRECATED_OBJC_IMPLEMENTATIONS = YES;
				CLANG_WARN_DIRECT_OBJC_ISA_USAGE = YES_ERROR;
				CLANG_WARN_DOCUMENTATION_COMMENTS = YES;
				CLANG_WARN_EMPTY_BODY = YES;
				CLANG_WARN_ENUM_CONVERSION = YES;
				CLANG_WARN_INFINITE_RECURSION = YES;
				CLANG_WARN_INT_CONVERSION = YES;
				CLANG_WARN_NON_LITERAL_NULL_CONVERSION = YES;
				CLANG_WARN_OBJC_IMPLICIT_RETAIN_SELF = YES;
				CLANG_WARN_OBJC_LITERAL_CONVERSION = YES;
				CLANG_WARN_OBJC_ROOT_CLASS = YES_ERROR;
				CLANG_WARN_QUOTED_INCLUDE_IN_FRAMEWORK_HEADER = YES;
				CLANG_WARN_RANGE_LOOP_ANALYSIS = YES;
				CLANG_WARN_STRICT_PROTOTYPES = YES;
				CLANG_WARN_SUSPICIOUS_MOVE = YES;
				CLANG_WARN_UNGUARDED_AVAILABILITY = YES_AGGRESSIVE;
				CLANG_WARN_UNREACHABLE_CODE = YES;
				CLANG_WARN__DUPLICATE_METHOD_MATCH = YES;
				COPY_PHASE_STRIP = NO;
				DEBUG_INFORMATION_FORMAT = dwarf;
				ENABLE_STRICT_OBJC_MSGSEND = YES;
				ENABLE_TESTABILITY = YES;
				ENABLE_USER_SCRIPT_SANDBOXING = YES;
				GCC_C_LANGUAGE_STANDARD = gnu17;
				GCC_DYNAMIC_NO_PIC = NO;
				GCC_NO_COMMON_BLOCKS = YES;
				GCC_OPTIMIZATION_LEVEL = 0;
				GCC_PREPROCESSOR_DEFINITIONS = (
					"DEBUG=1",
					"$(inherited)",
				);
				GCC_WARN_64_TO_32_BIT_CONVERSION = YES;
				GCC_WARN_ABOUT_RETURN_TYPE = YES_ERROR;
				GCC_WARN_UNDECLARED_SELECTOR = YES;
				GCC_WARN_UNINITIALIZED_AUTOS = YES_AGGRESSIVE;
				GCC_WARN_UNUSED_FUNCTION = YES;
				GCC_WARN_UNUSED_VARIABLE = YES;
				IPHONEOS_DEPLOYMENT_TARGET = 17.2;
				LOCALIZATION_PREFERS_STRING_CATALOGS = YES;
				MTL_ENABLE_DEBUG_INFO = INCLUDE_SOURCE;
				MTL_FAST_MATH = YES;
				ONLY_ACTIVE_ARCH = YES;
				SDKROOT = iphoneos;
				SWIFT_ACTIVE_COMPILATION_CONDITIONS = "DEBUG $(inherited)";
				SWIFT_OPTIMIZATION_LEVEL = "-Onone";
			};
			name = Debug;
		};
		AD41C8A52D9EE67A00265643 /* Release */ = {
			isa = XCBuildConfiguration;
			buildSettings = {
				ALWAYS_SEARCH_USER_PATHS = NO;
				ASSETCATALOG_COMPILER_GENERATE_SWIFT_ASSET_SYMBOL_EXTENSIONS = YES;
				CLANG_ANALYZER_NONNULL = YES;
				CLANG_ANALYZER_NUMBER_OBJECT_CONVERSION = YES_AGGRESSIVE;
				CLANG_CXX_LANGUAGE_STANDARD = "gnu++20";
				CLANG_ENABLE_MODULES = YES;
				CLANG_ENABLE_OBJC_ARC = YES;
				CLANG_ENABLE_OBJC_WEAK = YES;
				CLANG_WARN_BLOCK_CAPTURE_AUTORELEASING = YES;
				CLANG_WARN_BOOL_CONVERSION = YES;
				CLANG_WARN_COMMA = YES;
				CLANG_WARN_CONSTANT_CONVERSION = YES;
				CLANG_WARN_DEPRECATED_OBJC_IMPLEMENTATIONS = YES;
				CLANG_WARN_DIRECT_OBJC_ISA_USAGE = YES_ERROR;
				CLANG_WARN_DOCUMENTATION_COMMENTS = YES;
				CLANG_WARN_EMPTY_BODY = YES;
				CLANG_WARN_ENUM_CONVERSION = YES;
				CLANG_WARN_INFINITE_RECURSION = YES;
				CLANG_WARN_INT_CONVERSION = YES;
				CLANG_WARN_NON_LITERAL_NULL_CONVERSION = YES;
				CLANG_WARN_OBJC_IMPLICIT_RETAIN_SELF = YES;
				CLANG_WARN_OBJC_LITERAL_CONVERSION = YES;
				CLANG_WARN_OBJC_ROOT_CLASS = YES_ERROR;
				CLANG_WARN_QUOTED_INCLUDE_IN_FRAMEWORK_HEADER = YES;
				CLANG_WARN_RANGE_LOOP_ANALYSIS = YES;
				CLANG_WARN_STRICT_PROTOTYPES = YES;
				CLANG_WARN_SUSPICIOUS_MOVE = YES;
				CLANG_WARN_UNGUARDED_AVAILABILITY = YES_AGGRESSIVE;
				CLANG_WARN_UNREACHABLE_CODE = YES;
				CLANG_WARN__DUPLICATE_METHOD_MATCH = YES;
				COPY_PHASE_STRIP = NO;
				DEBUG_INFORMATION_FORMAT = "dwarf-with-dsym";
				ENABLE_NS_ASSERTIONS = NO;
				ENABLE_STRICT_OBJC_MSGSEND = YES;
				ENABLE_USER_SCRIPT_SANDBOXING = YES;
				GCC_C_LANGUAGE_STANDARD = gnu17;
				GCC_NO_COMMON_BLOCKS = YES;
				GCC_WARN_64_TO_32_BIT_CONVERSION = YES;
				GCC_WARN_ABOUT_RETURN_TYPE = YES_ERROR;
				GCC_WARN_UNDECLARED_SELECTOR = YES;
				GCC_WARN_UNINITIALIZED_AUTOS = YES_AGGRESSIVE;
				GCC_WARN_UNUSED_FUNCTION = YES;
				GCC_WARN_UNUSED_VARIABLE = YES;
				IPHONEOS_DEPLOYMENT_TARGET = 17.2;
				LOCALIZATION_PREFERS_STRING_CATALOGS = YES;
				MTL_ENABLE_DEBUG_INFO = NO;
				MTL_FAST_MATH = YES;
				SDKROOT = iphoneos;
				SWIFT_COMPILATION_MODE = wholemodule;
				VALIDATE_PRODUCT = YES;
			};
			name = Release;
		};
		AD41C8A72D9EE67A00265643 /* Debug */ = {
			isa = XCBuildConfiguration;
			buildSettings = {
				ASSETCATALOG_COMPILER_APPICON_NAME = AppIcon;
				ASSETCATALOG_COMPILER_GLOBAL_ACCENT_COLOR_NAME = AccentColor;
				CODE_SIGN_STYLE = Automatic;
				CURRENT_PROJECT_VERSION = 1;
				DEVELOPMENT_ASSET_PATHS = "\"football/Preview Content\"";
				ENABLE_PREVIEWS = YES;
				GENERATE_INFOPLIST_FILE = YES;
				INFOPLIST_KEY_UIApplicationSceneManifest_Generation = YES;
				INFOPLIST_KEY_UIApplicationSupportsIndirectInputEvents = YES;
				INFOPLIST_KEY_UILaunchScreen_Generation = YES;
				INFOPLIST_KEY_UISupportedInterfaceOrientations_iPad = "UIInterfaceOrientationPortrait UIInterfaceOrientationPortraitUpsideDown UIInterfaceOrientationLandscapeLeft UIInterfaceOrientationLandscapeRight";
				INFOPLIST_KEY_UISupportedInterfaceOrientations_iPhone = "UIInterfaceOrientationPortrait UIInterfaceOrientationLandscapeLeft UIInterfaceOrientationLandscapeRight";
				LD_RUNPATH_SEARCH_PATHS = (
					"$(inherited)",
					"@executable_path/Frameworks",
				);
				MARKETING_VERSION = 1.0;
				PRODUCT_BUNDLE_IDENTIFIER = com.gokul.football;
				PRODUCT_NAME = "$(TARGET_NAME)";
				SWIFT_EMIT_LOC_STRINGS = YES;
				SWIFT_VERSION = 5.0;
				TARGETED_DEVICE_FAMILY = "1,2";
			};
			name = Debug;
		};
		AD41C8A82D9EE67A00265643 /* Release */ = {
			isa = XCBuildConfiguration;
			buildSettings = {
				ASSETCATALOG_COMPILER_APPICON_NAME = AppIcon;
				ASSETCATALOG_COMPILER_GLOBAL_ACCENT_COLOR_NAME = AccentColor;
				CODE_SIGN_STYLE = Automatic;
				CURRENT_PROJECT_VERSION = 1;
				DEVELOPMENT_ASSET_PATHS = "\"football/Preview Content\"";
				ENABLE_PREVIEWS = YES;
				GENERATE_INFOPLIST_FILE = YES;
				INFOPLIST_KEY_UIApplicationSceneManifest_Generation = YES;
				INFOPLIST_KEY_UIApplicationSupportsIndirectInputEvents = YES;
				INFOPLIST_KEY_UILaunchScreen_Generation = YES;
				INFOPLIST_KEY_UISupportedInterfaceOrientations_iPad = "UIInterfaceOrientationPortrait UIInterfaceOrientationPortraitUpsideDown UIInterfaceOrientationLandscapeLeft UIInterfaceOrientationLandscapeRight";
				INFOPLIST_KEY_UISupportedInterfaceOrientations_iPhone = "UIInterfaceOrientationPortrait UIInterfaceOrientationLandscapeLeft UIInterfaceOrientationLandscapeRight";
				LD_RUNPATH_SEARCH_PATHS = (
					"$(inherited)",
					"@executable_path/Frameworks",
				);
				MARKETING_VERSION = 1.0;
				PRODUCT_BUNDLE_IDENTIFIER = com.gokul.football;
				PRODUCT_NAME = "$(TARGET_NAME)";
				SWIFT_EMIT_LOC_STRINGS = YES;
				SWIFT_VERSION = 5.0;
				TARGETED_DEVICE_FAMILY = "1,2";
			};
			name = Release;
		};
/* End XCBuildConfiguration section */

/* Begin XCConfigurationList section */
		AD41C8932D9EE67900265643 /* Build configuration list for PBXProject "football" */ = {
			isa = XCConfigurationList;
			buildConfigurations = (
				AD41C8A42D9EE67A00265643 /* Debug */,
				AD41C8A52D9EE67A00265643 /* Release */,
			);
			defaultConfigurationIsVisible = 0;
			defaultConfigurationName = Release;
		};
		AD41C8A62D9EE67A00265643 /* Build configuration list for PBXNativeTarget "football" */ = {
			isa = XCConfigurationList;
			buildConfigurations = (
				AD41C8A72D9EE67A00265643 /* Debug */,
				AD41C8A82D9EE67A00265643 /* Release */,
			);
			defaultConfigurationIsVisible = 0;
			defaultConfigurationName = Release;
		};
/* End XCConfigurationList section */

/* Begin XCRemoteSwiftPackageReference section */
		AD41C8A92D9EE97700265643 /* XCRemoteSwiftPackageReference "FeedKit" */ = {
			isa = XCRemoteSwiftPackageReference;
			repositoryURL = "https://github.com/nmdias/FeedKit";
			requirement = {
				kind = upToNextMajorVersion;
				minimumVersion = 9.1.2;
			};
		};
/* End XCRemoteSwiftPackageReference section */

/* Begin XCSwiftPackageProductDependency section */
		AD41C8AA2D9EE97700265643 /* FeedKit */ = {
			isa = XCSwiftPackageProductDependency;
			package = AD41C8A92D9EE97700265643 /* XCRemoteSwiftPackageReference "FeedKit" */;
			productName = FeedKit;
		};
/* End XCSwiftPackageProductDependency section */
	};
	rootObject = AD41C8902D9EE67900265643 /* Project object */;
}
